
Microsoft Visual Studio Solution File, Format Version 12.00
# Visual Studio Version 17
VisualStudioVersion = 17.3.32519.111
MinimumVisualStudioVersion = 10.0.40219.1
Project("{2150E333-8FDC-42A3-9474-1A3956D46DE8}") = "src", "src", "{5CD1A0A6-610E-4C47-8C16-DC54EC2C5C98}"
EndProject
Project("{FAE04EC0-301F-11D3-BF4B-00C04F79EFBC}") = "HTS", "src\HTS\HTS.csproj", "{802FA9FC-62BD-4D89-B71E-D0052563A5F1}"
EndProject
Global
	GlobalSection(SolutionConfigurationPlatforms) = preSolution
		Debug|Any CPU = Debug|Any CPU
		Release|Any CPU = Release|Any CPU
	EndGlobalSection
	GlobalSection(ProjectConfigurationPlatforms) = postSolution
		{802FA9FC-62BD-4D89-B71E-D0052563A5F1}.Debug|Any CPU.ActiveCfg = Debug|Any CPU
		{802FA9FC-62BD-4D89-B71E-D0052563A5F1}.Debug|Any CPU.Build.0 = Debug|Any CPU
		{802FA9FC-62BD-4D89-B71E-D0052563A5F1}.Release|Any CPU.ActiveCfg = Release|Any CPU
		{802FA9FC-62BD-4D89-B71E-D0052563A5F1}.Release|Any CPU.Build.0 = Release|Any CPU
	EndGlobalSection
	GlobalSection(SolutionProperties) = preSolution
		HideSolutionNode = FALSE
	EndGlobalSection
	GlobalSection(NestedProjects) = preSolution
		{802FA9FC-62BD-4D89-B71E-D0052563A5F1} = {5CD1A0A6-610E-4C47-8C16-DC54EC2C5C98}
	EndGlobalSection
	GlobalSection(ExtensibilityGlobals) = postSolution
		SolutionGuid = {21D03B9E-4E3C-43CD-93E2-05F067719283}
	EndGlobalSection
EndGlobal
